
Microsoft Visual Studio Solution File, Format Version 11.00
# Visual Studio 2010
Project("{8BC9CEB8-8B4A-11D0-8D11-00A0C91BC942}") = "try it out", "try it out\try it out.vcxproj", "{ECBD2DC7-8C10-4BD6-BD2B-5FC9A8F110ED}"
EndProject
Global
	GlobalSection(SolutionConfigurationPlatforms) = preSolution
		Debug|Win32 = Debug|Win32
		Release|Win32 = Release|Win32
	EndGlobalSection
	GlobalSection(ProjectConfigurationPlatforms) = postSolution
		{ECBD2DC7-8C10-4BD6-BD2B-5FC9A8F110ED}.Debug|Win32.ActiveCfg = Debug|Win32
		{ECBD2DC7-8C10-4BD6-BD2B-5FC9A8F110ED}.Debug|Win32.Build.0 = Debug|Win32
		{ECBD2DC7-8C10-4BD6-BD2B-5FC9A8F110ED}.Release|Win32.ActiveCfg = Release|Win32
		{ECBD2DC7-8C10-4BD6-BD2B-5FC9A8F110ED}.Release|Win32.Build.0 = Release|Win32
	EndGlobalSection
	GlobalSection(SolutionProperties) = preSolution
		HideSolutionNode = FALSE
	EndGlobalSection
EndGlobal
